
Microsoft Visual Studio Solution File, Format Version 12.00
# Visual Studio Version 17
VisualStudioVersion = 17.4.33205.214
MinimumVisualStudioVersion = 10.0.40219.1
Project("{8BC9CEB8-8B4A-11D0-8D11-00A0C91BC942}") = "Exercise1", "Exercise1\Exercise1.vcxproj", "{36353868-4FED-4519-A287-0E6F0D7D7758}"
EndProject
Project("{8BC9CEB8-8B4A-11D0-8D11-00A0C91BC942}") = "Exercise2", "Exercise2\Exercise2.vcxproj", "{33BB02F1-4879-4479-B20A-AFD29FC94EA0}"
EndProject
Project("{8BC9CEB8-8B4A-11D0-8D11-00A0C91BC942}") = "Exercise3", "Exercise3\Exercise3.vcxproj", "{F5598D01-2527-41FE-9CEE-F83AD9850A76}"
EndProject
Project("{8BC9CEB8-8B4A-11D0-8D11-00A0C91BC942}") = "Exercise4", "Exercise4\Exercise4.vcxproj", "{6532DB2B-6E26-466E-8C16-2D34615A34B9}"
EndProject
Project("{8BC9CEB8-8B4A-11D0-8D11-00A0C91BC942}") = "Exercise5", "Exercise5\Exercise5.vcxproj", "{C8D20309-1B49-48B3-9979-D82D87893372}"
EndProject
Project("{8BC9CEB8-8B4A-11D0-8D11-00A0C91BC942}") = "Exercise7", "Exercise7\Exercise7.vcxproj", "{F402B0A1-AFCB-48E7-B79F-7F764609BBA0}"
EndProject
Global
	GlobalSection(SolutionConfigurationPlatforms) = preSolution
		Debug|x64 = Debug|x64
		Debug|x86 = Debug|x86
		Release|x64 = Release|x64
		Release|x86 = Release|x86
	EndGlobalSection
	GlobalSection(ProjectConfigurationPlatforms) = postSolution
		{36353868-4FED-4519-A287-0E6F0D7D7758}.Debug|x64.ActiveCfg = Debug|x64
		{36353868-4FED-4519-A287-0E6F0D7D7758}.Debug|x64.Build.0 = Debug|x64
		{36353868-4FED-4519-A287-0E6F0D7D7758}.Debug|x86.ActiveCfg = Debug|Win32
		{36353868-4FED-4519-A287-0E6F0D7D7758}.Debug|x86.Build.0 = Debug|Win32
		{36353868-4FED-4519-A287-0E6F0D7D7758}.Release|x64.ActiveCfg = Release|x64
		{36353868-4FED-4519-A287-0E6F0D7D7758}.Release|x64.Build.0 = Release|x64
		{36353868-4FED-4519-A287-0E6F0D7D7758}.Release|x86.ActiveCfg = Release|Win32
		{36353868-4FED-4519-A287-0E6F0D7D7758}.Release|x86.Build.0 = Release|Win32
		{33BB02F1-4879-4479-B20A-AFD29FC94EA0}.Debug|x64.ActiveCfg = Debug|x64
		{33BB02F1-4879-4479-B20A-AFD29FC94EA0}.Debug|x64.Build.0 = Debug|x64
		{33BB02F1-4879-4479-B20A-AFD29FC94EA0}.Debug|x86.ActiveCfg = Debug|Win32
		{33BB02F1-4879-4479-B20A-AFD29FC94EA0}.Debug|x86.Build.0 = Debug|Win32
		{33BB02F1-4879-4479-B20A-AFD29FC94EA0}.Release|x64.ActiveCfg = Release|x64
		{33BB02F1-4879-4479-B20A-AFD29FC94EA0}.Release|x64.Build.0 = Release|x64
		{33BB02F1-4879-4479-B20A-AFD29FC94EA0}.Release|x86.ActiveCfg = Release|Win32
		{33BB02F1-4879-4479-B20A-AFD29FC94EA0}.Release|x86.Build.0 = Release|Win32
		{F5598D01-2527-41FE-9CEE-F83AD9850A76}.Debug|x64.ActiveCfg = Debug|x64
		{F5598D01-2527-41FE-9CEE-F83AD9850A76}.Debug|x64.Build.0 = Debug|x64
		{F5598D01-2527-41FE-9CEE-F83AD9850A76}.Debug|x86.ActiveCfg = Debug|Win32
		{F5598D01-2527-41FE-9CEE-F83AD9850A76}.Debug|x86.Build.0 = Debug|Win32
		{F5598D01-2527-41FE-9CEE-F83AD9850A76}.Release|x64.ActiveCfg = Release|x64
		{F5598D01-2527-41FE-9CEE-F83AD9850A76}.Release|x64.Build.0 = Release|x64
		{F5598D01-2527-41FE-9CEE-F83AD9850A76}.Release|x86.ActiveCfg = Release|Win32
		{F5598D01-2527-41FE-9CEE-F83AD9850A76}.Release|x86.Build.0 = Release|Win32
		{6532DB2B-6E26-466E-8C16-2D34615A34B9}.Debug|x64.ActiveCfg = Debug|x64
		{6532DB2B-6E26-466E-8C16-2D34615A34B9}.Debug|x64.Build.0 = Debug|x64
		{6532DB2B-6E26-466E-8C16-2D34615A34B9}.Debug|x86.ActiveCfg = Debug|Win32
		{6532DB2B-6E26-466E-8C16-2D34615A34B9}.Debug|x86.Build.0 = Debug|Win32
		{6532DB2B-6E26-466E-8C16-2D34615A34B9}.Release|x64.ActiveCfg = Release|x64
		{6532DB2B-6E26-466E-8C16-2D34615A34B9}.Release|x64.Build.0 = Release|x64
		{6532DB2B-6E26-466E-8C16-2D34615A34B9}.Release|x86.ActiveCfg = Release|Win32
		{6532DB2B-6E26-466E-8C16-2D34615A34B9}.Release|x86.Build.0 = Release|Win32
		{C8D20309-1B49-48B3-9979-D82D87893372}.Debug|x64.ActiveCfg = Debug|x64
		{C8D20309-1B49-48B3-9979-D82D87893372}.Debug|x64.Build.0 = Debug|x64
		{C8D20309-1B49-48B3-9979-D82D87893372}.Debug|x86.ActiveCfg = Debug|Win32
		{C8D20309-1B49-48B3-9979-D82D87893372}.Debug|x86.Build.0 = Debug|Win32
		{C8D20309-1B49-48B3-9979-D82D87893372}.Release|x64.ActiveCfg = Release|x64
		{C8D20309-1B49-48B3-9979-D82D87893372}.Release|x64.Build.0 = Release|x64
		{C8D20309-1B49-48B3-9979-D82D87893372}.Release|x86.ActiveCfg = Release|Win32
		{C8D20309-1B49-48B3-9979-D82D87893372}.Release|x86.Build.0 = Release|Win32
		{F402B0A1-AFCB-48E7-B79F-7F764609BBA0}.Debug|x64.ActiveCfg = Debug|x64
		{F402B0A1-AFCB-48E7-B79F-7F764609BBA0}.Debug|x64.Build.0 = Debug|x64
		{F402B0A1-AFCB-48E7-B79F-7F764609BBA0}.Debug|x86.ActiveCfg = Debug|Win32
		{F402B0A1-AFCB-48E7-B79F-7F764609BBA0}.Debug|x86.Build.0 = Debug|Win32
		{F402B0A1-AFCB-48E7-B79F-7F764609BBA0}.Release|x64.ActiveCfg = Release|x64
		{F402B0A1-AFCB-48E7-B79F-7F764609BBA0}.Release|x64.Build.0 = Release|x64
		{F402B0A1-AFCB-48E7-B79F-7F764609BBA0}.Release|x86.ActiveCfg = Release|Win32
		{F402B0A1-AFCB-48E7-B79F-7F764609BBA0}.Release|x86.Build.0 = Release|Win32
	EndGlobalSection
	GlobalSection(SolutionProperties) = preSolution
		HideSolutionNode = FALSE
	EndGlobalSection
	GlobalSection(ExtensibilityGlobals) = postSolution
		SolutionGuid = {75A465C6-A542-4ED5-8776-527F122A49E9}
	EndGlobalSection
EndGlobal
